
Microsoft Visual Studio Solution File, Format Version 12.00
# Visual Studio Version 16
VisualStudioVersion = 16.0.30002.166
MinimumVisualStudioVersion = 10.0.40219.1
Project("{FAE04EC0-301F-11D3-BF4B-00C04F79EFBC}") = "Project-Week-2020", "Project-Week-2020\Project-Week-2020.csproj", "{5514EC8A-1A0B-457E-8FF3-D10F729E567C}"
EndProject
Global
	GlobalSection(SolutionConfigurationPlatforms) = preSolution
		Debug|Any CPU = Debug|Any CPU
		Release|Any CPU = Release|Any CPU
	EndGlobalSection
	GlobalSection(ProjectConfigurationPlatforms) = postSolution
		{5514EC8A-1A0B-457E-8FF3-D10F729E567C}.Debug|Any CPU.ActiveCfg = Debug|Any CPU
		{5514EC8A-1A0B-457E-8FF3-D10F729E567C}.Debug|Any CPU.Build.0 = Debug|Any CPU
		{5514EC8A-1A0B-457E-8FF3-D10F729E567C}.Release|Any CPU.ActiveCfg = Release|Any CPU
		{5514EC8A-1A0B-457E-8FF3-D10F729E567C}.Release|Any CPU.Build.0 = Release|Any CPU
	EndGlobalSection
	GlobalSection(SolutionProperties) = preSolution
		HideSolutionNode = FALSE
	EndGlobalSection
	GlobalSection(ExtensibilityGlobals) = postSolution
		SolutionGuid = {69021803-3566-4B5A-B17C-6F66692CD255}
	EndGlobalSection
EndGlobal
